{
  "name": "mobx",
  "lockfileVersion": 2,
  "requires": true,
  "packages": {
    "": {
      "dependencies": {
        "mobx": "^6.6.0"
      }
    },
    "node_modules/mobx": {
      "version": "6.6.0",
      "resolved": "https://registry.npmjs.org/mobx/-/mobx-6.6.0.tgz",
      "integrity": "sha512-MNTKevLH/6DShLZcmSL351+JgiJPO56A4GUpoiDQ3/yZ0mAtclNLdHK9q4BcQhibx8/JSDupfTpbX2NZPemlRg==",
      "funding": {
        "type": "opencollective",
        "url": "https://opencollective.com/mobx"
      }
    }
  },
  "dependencies": {
    "mobx": {
      "version": "6.6.0",
      "resolved": "https://registry.npmjs.org/mobx/-/mobx-6.6.0.tgz",
      "integrity": "sha512-MNTKevLH/6DShLZcmSL351+JgiJPO56A4GUpoiDQ3/yZ0mAtclNLdHK9q4BcQhibx8/JSDupfTpbX2NZPemlRg=="
    }
  }
}
